
Microsoft Visual Studio Solution File, Format Version 12.00
# Visual Studio 2012
Project("{FAE04EC0-301F-11D3-BF4B-00C04F79EFBC}") = "MusicServices", "MusicServices\MusicServices.csproj", "{5BC5CBD9-2915-47A6-A4EE-1A7A049126DF}"
EndProject
Project("{FAE04EC0-301F-11D3-BF4B-00C04F79EFBC}") = "MusicChoice2", "MusicChoice2\MusicChoice2.csproj", "{0AC35097-64EB-4F6B-B0C7-A54CF0DDD453}"
EndProject
Global
	GlobalSection(SolutionConfigurationPlatforms) = preSolution
		Debug|Any CPU = Debug|Any CPU
		Release|Any CPU = Release|Any CPU
	EndGlobalSection
	GlobalSection(ProjectConfigurationPlatforms) = postSolution
		{5BC5CBD9-2915-47A6-A4EE-1A7A049126DF}.Debug|Any CPU.ActiveCfg = Debug|Any CPU
		{5BC5CBD9-2915-47A6-A4EE-1A7A049126DF}.Debug|Any CPU.Build.0 = Debug|Any CPU
		{5BC5CBD9-2915-47A6-A4EE-1A7A049126DF}.Release|Any CPU.ActiveCfg = Release|Any CPU
		{5BC5CBD9-2915-47A6-A4EE-1A7A049126DF}.Release|Any CPU.Build.0 = Release|Any CPU
		{0AC35097-64EB-4F6B-B0C7-A54CF0DDD453}.Debug|Any CPU.ActiveCfg = Debug|Any CPU
		{0AC35097-64EB-4F6B-B0C7-A54CF0DDD453}.Debug|Any CPU.Build.0 = Debug|Any CPU
		{0AC35097-64EB-4F6B-B0C7-A54CF0DDD453}.Release|Any CPU.ActiveCfg = Release|Any CPU
		{0AC35097-64EB-4F6B-B0C7-A54CF0DDD453}.Release|Any CPU.Build.0 = Release|Any CPU
	EndGlobalSection
	GlobalSection(SolutionProperties) = preSolution
		HideSolutionNode = FALSE
	EndGlobalSection
EndGlobal
